#MicroXplorer Configuration settings - do not modify
BSP_IP_NAME=NUCLEO-G474RE
CAD.formats=
CAD.pinconfig=
CAD.provider=
File.Version=6
GPIO.groupedBy=Group By Peripherals
HRTIM1.BurstDMAconfig-Output_TA1=__NULL
HRTIM1.BurstMode-Output_TA1=HRTIM_TIMERBURSTMODE_MAINTAINCLOCK
HRTIM1.CompareUnit1-Output_TA1=HRTIM_COMPAREUNIT_1
HRTIM1.CompareUnit1-Output_TB1=HRTIM_COMPAREUNIT_1
HRTIM1.CompareUnit1-Output_TC1=HRTIM_COMPAREUNIT_1
HRTIM1.CompareUnit1-Output_TE1=HRTIM_COMPAREUNIT_1
HRTIM1.CompareValue1-Output_TE1=0xFFDF
HRTIM1.Enable=HRTIM_BURSTMODECTL_DISABLED
HRTIM1.Event_EEV1=__NULL
HRTIM1.IPParameters=PrescalerRatio_TA,PreloadEnable-Output_TA1,NumberUpdateTrigger-Output_TA1,UpdateTrigger1-Output_TA1,ResetUpdate-Output_TA1,ReSyncUpdate-Output_TA1,NumberSetSource1-Output_TA1,CompareUnit1-Output_TA1,SetOutput1_Source1-Output_TA1,NumberResetSource1-Output_TA1,ResetOutput1_Source1-Output_TA1,PrescalerRatio_TB,PreloadEnable-Output_TB1,CompareUnit1-Output_TB1,ResetUpdate-Output_TB1,ReSyncUpdate-Output_TB1,NumberUpdateTrigger-Output_TB1,UpdateTrigger1-Output_TB1,NumberSetSource1-Output_TB1,NumberResetSource1-Output_TB1,SetOutput1_Source1-Output_TB1,ResetOutput1_Source1-Output_TB1,NumberResetTrigger-Output_TA1,PrescalerRatio_TC,PreloadEnable-Output_TC1,CompareUnit1-Output_TC1,NumberUpdateTrigger-Output_TC1,UpdateTrigger1-Output_TC1,ResetUpdate-Output_TC1,ReSyncUpdate-Output_TC1,NumberSetSource1-Output_TC1,NumberResetSource1-Output_TC1,SetOutput1_Source1-Output_TC1,ResetOutput1_Source1-Output_TC1,PrescalerRatio_TE,PreloadEnable-Output_TE1,NumberUpdateTrigger-Output_TE1,UpdateTrigger1-Output_TE1,ResetUpdate-Output_TE1,ReSyncUpdate-Output_TE1,CompareUnit1-Output_TE1,CompareValue1-Output_TE1,NumberSetSource1-Output_TE1,NumberResetSource1-Output_TE1,SetOutput1_Source1-Output_TE1,ResetOutput1_Source1-Output_TE1,NumberDMARequests_TA,NumberDMARequests_TB,NumberDMARequests_TC,BurstDMAconfig-Output_TA1,UpdateGating-Output_TA1,Enable,RepetitionUpdate-Output_TA1,BurstMode-Output_TA1,NumberInterruptRequests-Output_TA1,Event_EEV1,UpdateGating-Output_TE1,UpdateGating-Output_TC1,UpdateGating-Output_TB1,RepetitionUpdate-Output_TB1,RepetitionUpdate-Output_TC1,RepetitionUpdate-Output_TE1
HRTIM1.NumberDMARequests_TA=0
HRTIM1.NumberDMARequests_TB=0
HRTIM1.NumberDMARequests_TC=0
HRTIM1.NumberInterruptRequests-Output_TA1=0
HRTIM1.NumberResetSource1-Output_TA1=1
HRTIM1.NumberResetSource1-Output_TB1=1
HRTIM1.NumberResetSource1-Output_TC1=1
HRTIM1.NumberResetSource1-Output_TE1=1
HRTIM1.NumberResetTrigger-Output_TA1=0
HRTIM1.NumberSetSource1-Output_TA1=1
HRTIM1.NumberSetSource1-Output_TB1=1
HRTIM1.NumberSetSource1-Output_TC1=1
HRTIM1.NumberSetSource1-Output_TE1=1
HRTIM1.NumberUpdateTrigger-Output_TA1=1
HRTIM1.NumberUpdateTrigger-Output_TB1=1
HRTIM1.NumberUpdateTrigger-Output_TC1=1
HRTIM1.NumberUpdateTrigger-Output_TE1=1
HRTIM1.PreloadEnable-Output_TA1=HRTIM_PRELOAD_ENABLED
HRTIM1.PreloadEnable-Output_TB1=HRTIM_PRELOAD_ENABLED
HRTIM1.PreloadEnable-Output_TC1=HRTIM_PRELOAD_ENABLED
HRTIM1.PreloadEnable-Output_TE1=HRTIM_PRELOAD_ENABLED
HRTIM1.PrescalerRatio_TA=HRTIM_PRESCALERRATIO_DIV1
HRTIM1.PrescalerRatio_TB=HRTIM_PRESCALERRATIO_DIV1
HRTIM1.PrescalerRatio_TC=HRTIM_PRESCALERRATIO_DIV1
HRTIM1.PrescalerRatio_TE=HRTIM_PRESCALERRATIO_DIV1
HRTIM1.ReSyncUpdate-Output_TA1=HRTIM_TIMERESYNC_UPDATE_CONDITIONAL
HRTIM1.ReSyncUpdate-Output_TB1=HRTIM_TIMERESYNC_UPDATE_CONDITIONAL
HRTIM1.ReSyncUpdate-Output_TC1=HRTIM_TIMERESYNC_UPDATE_CONDITIONAL
HRTIM1.ReSyncUpdate-Output_TE1=HRTIM_TIMERESYNC_UPDATE_CONDITIONAL
HRTIM1.RepetitionUpdate-Output_TA1=HRTIM_UPDATEONREPETITION_ENABLED
HRTIM1.RepetitionUpdate-Output_TB1=HRTIM_UPDATEONREPETITION_ENABLED
HRTIM1.RepetitionUpdate-Output_TC1=HRTIM_UPDATEONREPETITION_ENABLED
HRTIM1.RepetitionUpdate-Output_TE1=HRTIM_UPDATEONREPETITION_ENABLED
HRTIM1.ResetOutput1_Source1-Output_TA1=HRTIM_OUTPUTRESET_TIMCMP1
HRTIM1.ResetOutput1_Source1-Output_TB1=HRTIM_OUTPUTRESET_TIMCMP1
HRTIM1.ResetOutput1_Source1-Output_TC1=HRTIM_OUTPUTRESET_TIMCMP1
HRTIM1.ResetOutput1_Source1-Output_TE1=HRTIM_OUTPUTRESET_TIMCMP1
HRTIM1.ResetUpdate-Output_TA1=HRTIM_TIMUPDATEONRESET_ENABLED
HRTIM1.ResetUpdate-Output_TB1=HRTIM_TIMUPDATEONRESET_ENABLED
HRTIM1.ResetUpdate-Output_TC1=HRTIM_TIMUPDATEONRESET_ENABLED
HRTIM1.ResetUpdate-Output_TE1=HRTIM_TIMUPDATEONRESET_ENABLED
HRTIM1.SetOutput1_Source1-Output_TA1=HRTIM_OUTPUTSET_TIMPER
HRTIM1.SetOutput1_Source1-Output_TB1=HRTIM_OUTPUTSET_TIMPER
HRTIM1.SetOutput1_Source1-Output_TC1=HRTIM_OUTPUTSET_TIMPER
HRTIM1.SetOutput1_Source1-Output_TE1=HRTIM_OUTPUTSET_TIMPER
HRTIM1.UpdateGating-Output_TA1=HRTIM_UPDATEGATING_INDEPENDENT
HRTIM1.UpdateGating-Output_TB1=HRTIM_UPDATEGATING_INDEPENDENT
HRTIM1.UpdateGating-Output_TC1=HRTIM_UPDATEGATING_INDEPENDENT
HRTIM1.UpdateGating-Output_TE1=HRTIM_UPDATEGATING_INDEPENDENT
HRTIM1.UpdateTrigger1-Output_TA1=HRTIM_TIMUPDATETRIGGER_TIMER_A
HRTIM1.UpdateTrigger1-Output_TB1=HRTIM_TIMUPDATETRIGGER_NONE
HRTIM1.UpdateTrigger1-Output_TC1=HRTIM_TIMUPDATETRIGGER_NONE
HRTIM1.UpdateTrigger1-Output_TE1=HRTIM_TIMUPDATETRIGGER_NONE
KeepUserPlacement=false
Mcu.CPN=STM32G474RET6
Mcu.Family=STM32G4
Mcu.IP0=HRTIM1
Mcu.IP1=NVIC
Mcu.IP10=TIM15
Mcu.IP11=TIM20
Mcu.IP12=USART2
Mcu.IP13=NUCLEO-G474RE
Mcu.IP2=RCC
Mcu.IP3=SYS
Mcu.IP4=TIM1
Mcu.IP5=TIM2
Mcu.IP6=TIM3
Mcu.IP7=TIM4
Mcu.IP8=TIM5
Mcu.IP9=TIM8
Mcu.IPNb=14
Mcu.Name=STM32G474R(B-C-E)Tx
Mcu.Package=LQFP64
Mcu.Pin0=PF0-OSC_IN
Mcu.Pin1=PF1-OSC_OUT
Mcu.Pin10=PB14
Mcu.Pin11=PC8
Mcu.Pin12=PA8
Mcu.Pin13=PA10
Mcu.Pin14=PA11
Mcu.Pin15=PA12
Mcu.Pin16=PB6
Mcu.Pin17=VP_SYS_VS_Systick
Mcu.Pin18=VP_SYS_VS_DBSignals
Mcu.Pin19=VP_TIM1_VS_ClockSourceINT
Mcu.Pin2=PC0
Mcu.Pin20=VP_TIM2_VS_ClockSourceINT
Mcu.Pin21=VP_TIM3_VS_ClockSourceINT
Mcu.Pin22=VP_TIM4_VS_ClockSourceINT
Mcu.Pin23=VP_TIM5_VS_ClockSourceINT
Mcu.Pin24=VP_TIM8_VS_ClockSourceINT
Mcu.Pin25=VP_TIM15_VS_ClockSourceINT
Mcu.Pin26=VP_TIM20_VS_ClockSourceINT
Mcu.Pin3=PA0
Mcu.Pin4=PA2
Mcu.Pin5=PA3
Mcu.Pin6=PA5
Mcu.Pin7=PA6
Mcu.Pin8=PB2
Mcu.Pin9=PB12
Mcu.PinsNb=27
Mcu.ThirdPartyNb=0
Mcu.UserConstants=
Mcu.UserName=STM32G474RETx
MxCube.Version=6.15.0
MxDb.Version=DB.6.0.150
NVIC.BusFault_IRQn=true\:0\:0\:false\:false\:true\:false\:false\:false
NVIC.DebugMonitor_IRQn=true\:0\:0\:false\:false\:true\:false\:false\:false
NVIC.ForceEnableDMAVector=true
NVIC.HardFault_IRQn=true\:0\:0\:false\:false\:true\:false\:false\:false
NVIC.MemoryManagement_IRQn=true\:0\:0\:false\:false\:true\:false\:false\:false
NVIC.NonMaskableInt_IRQn=true\:0\:0\:false\:false\:true\:false\:false\:false
NVIC.PendSV_IRQn=true\:0\:0\:false\:false\:true\:false\:false\:false
NVIC.PriorityGroup=NVIC_PRIORITYGROUP_4
NVIC.SVCall_IRQn=true\:0\:0\:false\:false\:true\:false\:false\:false
NVIC.SysTick_IRQn=true\:0\:0\:false\:false\:true\:false\:true\:false
NVIC.TIM1_BRK_TIM15_IRQn=true\:0\:0\:false\:false\:true\:true\:true\:true
NVIC.TIM20_BRK_IRQn=true\:0\:0\:false\:false\:true\:true\:true\:true
NVIC.TIM2_IRQn=true\:0\:0\:false\:false\:true\:true\:true\:true
NVIC.TIM3_IRQn=true\:0\:0\:false\:false\:true\:true\:true\:true
NVIC.TIM4_IRQn=true\:0\:0\:false\:false\:true\:true\:true\:true
NVIC.TIM5_IRQn=true\:0\:0\:false\:false\:true\:true\:true\:true
NVIC.TIM8_BRK_IRQn=true\:0\:0\:false\:false\:true\:true\:true\:true
NVIC.USART2_IRQn=true\:0\:0\:false\:false\:true\:true\:true\:true
NVIC.UsageFault_IRQn=true\:0\:0\:false\:false\:true\:false\:false\:false
PA0.Signal=S_TIM5_CH1
PA10.Mode=Output_TB1
PA10.Signal=HRTIM1_CHB1
PA11.Signal=S_TIM4_CH1
PA12.GPIOParameters=GPIO_Label
PA12.GPIO_Label=CONTROL_INPUT
PA12.Locked=true
PA12.Signal=GPXTI12
PA2.Mode=Asynchronous
PA2.Signal=USART2_TX
PA3.Mode=Asynchronous
PA3.Signal=USART2_RX
PA5.Signal=S_TIM2_CH1
PA6.Signal=S_TIM3_CH1
PA8.Locked=true
PA8.Mode=Output_TA1
PA8.Signal=HRTIM1_CHA1
PB12.Mode=Output_TC1
PB12.Signal=HRTIM1_CHC1
PB14.Locked=true
PB14.Signal=S_TIM15_CH1
PB2.Signal=S_TIM20_CH1
PB6.Locked=true
PB6.Signal=S_TIM8_CH1
PC0.Signal=S_TIM1_CH1
PC8.Mode=Output_TE1
PC8.Signal=HRTIM1_CHE1
PF0-OSC_IN.Mode=HSE-External-Oscillator
PF0-OSC_IN.Signal=RCC_OSC_IN
PF1-OSC_OUT.Mode=HSE-External-Oscillator
PF1-OSC_OUT.Signal=RCC_OSC_OUT
PinOutPanel.RotationAngle=0
ProjectManager.AskForMigrate=true
ProjectManager.BackupPrevious=false
ProjectManager.CompilerLinker=GCC
ProjectManager.CompilerOptimize=6
ProjectManager.ComputerToolchain=false
ProjectManager.CoupleFile=false
ProjectManager.CustomerFirmwarePackage=
ProjectManager.DefaultFWLocation=true
ProjectManager.DeletePrevious=true
ProjectManager.DeviceId=STM32G474RETx
ProjectManager.FirmwarePackage=STM32Cube FW_G4 V1.6.1
ProjectManager.FreePins=false
ProjectManager.HalAssertFull=false
ProjectManager.HeapSize=0x200
ProjectManager.KeepUserCode=true
ProjectManager.LastFirmware=false
ProjectManager.LibraryCopy=1
ProjectManager.MainLocation=Core/Src
ProjectManager.NoMain=false
ProjectManager.PreviousToolchain=
ProjectManager.ProjectBuild=false
ProjectManager.ProjectFileName=g4_nvic_inout.ioc
ProjectManager.ProjectName=g4_nvic_inout
ProjectManager.ProjectStructure=
ProjectManager.RegisterCallBack=
ProjectManager.StackSize=0x400
ProjectManager.TargetToolchain=STM32CubeIDE
ProjectManager.ToolChainLocation=
ProjectManager.UAScriptAfterPath=
ProjectManager.UAScriptBeforePath=
ProjectManager.UnderRoot=true
ProjectManager.functionlistsort=1-SystemClock_Config-RCC-false-HAL-false,2-MX_GPIO_Init-GPIO-false-HAL-true,3-MX_TIM1_Init-TIM1-false-HAL-true,4-MX_TIM2_Init-TIM2-false-HAL-true,5-MX_TIM3_Init-TIM3-false-HAL-true,6-MX_TIM4_Init-TIM4-false-HAL-true,7-MX_TIM5_Init-TIM5-false-HAL-true,8-MX_TIM8_Init-TIM8-false-HAL-true,9-MX_TIM15_Init-TIM15-false-HAL-true,10-MX_TIM20_Init-TIM20-false-HAL-true,11-MX_USART2_UART_Init-USART2-false-HAL-true,12-MX_HRTIM1_Init-HRTIM1-false-HAL-true
RCC.ADC12Freq_Value=100000000
RCC.ADC345Freq_Value=100000000
RCC.AHBFreq_Value=100000000
RCC.APB1Freq_Value=100000000
RCC.APB1TimFreq_Value=100000000
RCC.APB2Freq_Value=100000000
RCC.APB2TimFreq_Value=100000000
RCC.CRSFreq_Value=48000000
RCC.CortexFreq_Value=100000000
RCC.EXTERNAL_CLOCK_VALUE=12288000
RCC.FCLKCortexFreq_Value=100000000
RCC.FDCANFreq_Value=100000000
RCC.FamilyName=M
RCC.HCLKFreq_Value=100000000
RCC.HSE_VALUE=24000000
RCC.HSI48_VALUE=48000000
RCC.HSI_VALUE=16000000
RCC.I2C1Freq_Value=100000000
RCC.I2C2Freq_Value=100000000
RCC.I2C3Freq_Value=100000000
RCC.I2C4Freq_Value=100000000
RCC.I2SFreq_Value=100000000
RCC.IPParameters=ADC12Freq_Value,ADC345Freq_Value,AHBFreq_Value,APB1Freq_Value,APB1TimFreq_Value,APB2Freq_Value,APB2TimFreq_Value,CRSFreq_Value,CortexFreq_Value,EXTERNAL_CLOCK_VALUE,FCLKCortexFreq_Value,FDCANFreq_Value,FamilyName,HCLKFreq_Value,HSE_VALUE,HSI48_VALUE,HSI_VALUE,I2C1Freq_Value,I2C2Freq_Value,I2C3Freq_Value,I2C4Freq_Value,I2SFreq_Value,LPTIM1Freq_Value,LPUART1Freq_Value,LSCOPinFreq_Value,LSE_VALUE,LSI_VALUE,MCO1PinFreq_Value,PLLM,PLLN,PLLPoutputFreq_Value,PLLQoutputFreq_Value,PLLRCLKFreq_Value,PLLSourceVirtual,PWRFreq_Value,QSPIFreq_Value,RNGFreq_Value,RTCClockSelection,RTCFreq_Value,SAI1Freq_Value,SYSCLKFreq_VALUE,SYSCLKSource,UART4Freq_Value,UART5Freq_Value,USART1Freq_Value,USART2Freq_Value,USART3Freq_Value,USBFreq_Value,VCOInputFreq_Value,VCOOutputFreq_Value
RCC.LPTIM1Freq_Value=100000000
RCC.LPUART1Freq_Value=100000000
RCC.LSCOPinFreq_Value=32000
RCC.LSE_VALUE=32768
RCC.LSI_VALUE=32000
RCC.MCO1PinFreq_Value=16000000
RCC.PLLM=RCC_PLLM_DIV3
RCC.PLLN=25
RCC.PLLPoutputFreq_Value=100000000
RCC.PLLQoutputFreq_Value=100000000
RCC.PLLRCLKFreq_Value=100000000
RCC.PLLSourceVirtual=RCC_PLLSOURCE_HSE
RCC.PWRFreq_Value=100000000
RCC.QSPIFreq_Value=100000000
RCC.RNGFreq_Value=100000000
RCC.RTCClockSelection=RCC_RTCCLKSOURCE_LSE
RCC.RTCFreq_Value=32768
RCC.SAI1Freq_Value=100000000
RCC.SYSCLKFreq_VALUE=100000000
RCC.SYSCLKSource=RCC_SYSCLKSOURCE_PLLCLK
RCC.UART4Freq_Value=100000000
RCC.UART5Freq_Value=100000000
RCC.USART1Freq_Value=100000000
RCC.USART2Freq_Value=100000000
RCC.USART3Freq_Value=100000000
RCC.USBFreq_Value=100000000
RCC.VCOInputFreq_Value=8000000
RCC.VCOOutputFreq_Value=200000000
SH.GPXTI12.0=GPIO_EXTI12
SH.GPXTI12.ConfNb=1
SH.S_TIM15_CH1.0=TIM15_CH1,PWM_Input_1
SH.S_TIM15_CH1.ConfNb=1
SH.S_TIM1_CH1.0=TIM1_CH1,PWM_Input_1
SH.S_TIM1_CH1.ConfNb=1
SH.S_TIM20_CH1.0=TIM20_CH1,PWM_Input_1
SH.S_TIM20_CH1.ConfNb=1
SH.S_TIM2_CH1.0=TIM2_CH1,PWM_Input_1
SH.S_TIM2_CH1.ConfNb=1
SH.S_TIM3_CH1.0=TIM3_CH1,PWM_Input_1
SH.S_TIM3_CH1.ConfNb=1
SH.S_TIM4_CH1.0=TIM4_CH1,PWM_Input_1
SH.S_TIM4_CH1.ConfNb=1
SH.S_TIM5_CH1.0=TIM5_CH1,PWM_Input_1
SH.S_TIM5_CH1.ConfNb=1
SH.S_TIM8_CH1.0=TIM8_CH1,PWM_Input_1
SH.S_TIM8_CH1.ConfNb=1
TIM1.AutoReloadPreload=TIM_AUTORELOAD_PRELOAD_ENABLE
TIM1.IPParameters=AutoReloadPreload,Prescaler,TIM_MasterOutputTrigger,TIM_MasterOutputTrigger2,TIM_MasterSlaveMode
TIM1.Prescaler=0
TIM1.TIM_MasterOutputTrigger=TIM_TRGO_RESET
TIM1.TIM_MasterOutputTrigger2=TIM_TRGO2_RESET
TIM1.TIM_MasterSlaveMode=TIM_MASTERSLAVEMODE_DISABLE
TIM15.AutoReloadPreload=TIM_AUTORELOAD_PRELOAD_ENABLE
TIM15.IPParameters=AutoReloadPreload,Prescaler
TIM15.Prescaler=0
TIM2.AutoReloadPreload=TIM_AUTORELOAD_PRELOAD_ENABLE
TIM2.ICFilter_1=0
TIM2.ICFilter_2=0
TIM2.IPParameters=AutoReloadPreload,ICFilter_1,ICFilter_2,Prescaler
TIM2.Prescaler=0
TIM20.AutoReloadPreload=TIM_AUTORELOAD_PRELOAD_ENABLE
TIM20.IPParameters=AutoReloadPreload,Prescaler
TIM20.Prescaler=0
TIM3.AutoReloadPreload=TIM_AUTORELOAD_PRELOAD_ENABLE
TIM3.IPParameters=AutoReloadPreload,Prescaler
TIM3.Prescaler=0
TIM4.AutoReloadPreload=TIM_AUTORELOAD_PRELOAD_ENABLE
TIM4.IPParameters=AutoReloadPreload,Prescaler
TIM4.Prescaler=0
TIM5.AutoReloadPreload=TIM_AUTORELOAD_PRELOAD_ENABLE
TIM5.IPParameters=AutoReloadPreload,Prescaler
TIM5.Prescaler=0
TIM8.AutoReloadPreload=TIM_AUTORELOAD_PRELOAD_ENABLE
TIM8.IPParameters=AutoReloadPreload,Prescaler
TIM8.Prescaler=0
USART2.FIFOMode=FIFOMODE_ENABLE
USART2.IPParameters=VirtualMode-Asynchronous,Parity,WordLength,FIFOMode
USART2.Parity=PARITY_NONE
USART2.VirtualMode-Asynchronous=VM_ASYNC
USART2.WordLength=WORDLENGTH_8B
VP_SYS_VS_DBSignals.Mode=DisableDeadBatterySignals
VP_SYS_VS_DBSignals.Signal=SYS_VS_DBSignals
VP_SYS_VS_Systick.Mode=SysTick
VP_SYS_VS_Systick.Signal=SYS_VS_Systick
VP_TIM15_VS_ClockSourceINT.Mode=Internal
VP_TIM15_VS_ClockSourceINT.Signal=TIM15_VS_ClockSourceINT
VP_TIM1_VS_ClockSourceINT.Mode=Internal
VP_TIM1_VS_ClockSourceINT.Signal=TIM1_VS_ClockSourceINT
VP_TIM20_VS_ClockSourceINT.Mode=Internal
VP_TIM20_VS_ClockSourceINT.Signal=TIM20_VS_ClockSourceINT
VP_TIM2_VS_ClockSourceINT.Mode=Internal
VP_TIM2_VS_ClockSourceINT.Signal=TIM2_VS_ClockSourceINT
VP_TIM3_VS_ClockSourceINT.Mode=Internal
VP_TIM3_VS_ClockSourceINT.Signal=TIM3_VS_ClockSourceINT
VP_TIM4_VS_ClockSourceINT.Mode=Internal
VP_TIM4_VS_ClockSourceINT.Signal=TIM4_VS_ClockSourceINT
VP_TIM5_VS_ClockSourceINT.Mode=Internal
VP_TIM5_VS_ClockSourceINT.Signal=TIM5_VS_ClockSourceINT
VP_TIM8_VS_ClockSourceINT.Mode=Internal
VP_TIM8_VS_ClockSourceINT.Signal=TIM8_VS_ClockSourceINT
board=NUCLEO-G474RE
boardIOC=true
isbadioc=false
